
Microsoft Visual Studio Solution File, Format Version 12.00
# Visual Studio Version 17
VisualStudioVersion = 17.0.31903.59
MinimumVisualStudioVersion = 10.0.40219.1
Project("{9A19103F-16F7-4668-BE54-9A1E7A4F7556}") = "App", "App\App.csproj", "{D0262971-E3FB-40CA-AA15-DC7C70E7EBDB}"
EndProject
Project("{9A19103F-16F7-4668-BE54-9A1E7A4F7556}") = "Lib", "Lib\Lib.csproj", "{108FECEA-BBC1-4697-9826-A76A60451726}"
EndProject
Project("{9A19103F-16F7-4668-BE54-9A1E7A4F7556}") = "Test", "Test\Test.csproj", "{E1CA302E-5B79-49B5-8B74-72E13EDA3E1B}"
EndProject
Project("{9A19103F-16F7-4668-BE54-9A1E7A4F7556}") = "Database", "Database\Database.csproj", "{EBDD448C-515B-41A4-BDBD-FF7CD2914E9D}"
EndProject
Project("{9A19103F-16F7-4668-BE54-9A1E7A4F7556}") = "Services", "Services\Services.csproj", "{75128D59-58D2-4B53-8633-C01CAB2822ED}"
EndProject
Global
	GlobalSection(SolutionConfigurationPlatforms) = preSolution
		Debug|Any CPU = Debug|Any CPU
		Release|Any CPU = Release|Any CPU
	EndGlobalSection
	GlobalSection(ProjectConfigurationPlatforms) = postSolution
		{D0262971-E3FB-40CA-AA15-DC7C70E7EBDB}.Debug|Any CPU.ActiveCfg = Debug|Any CPU
		{D0262971-E3FB-40CA-AA15-DC7C70E7EBDB}.Debug|Any CPU.Build.0 = Debug|Any CPU
		{D0262971-E3FB-40CA-AA15-DC7C70E7EBDB}.Release|Any CPU.ActiveCfg = Release|Any CPU
		{D0262971-E3FB-40CA-AA15-DC7C70E7EBDB}.Release|Any CPU.Build.0 = Release|Any CPU
		{108FECEA-BBC1-4697-9826-A76A60451726}.Debug|Any CPU.ActiveCfg = Debug|Any CPU
		{108FECEA-BBC1-4697-9826-A76A60451726}.Debug|Any CPU.Build.0 = Debug|Any CPU
		{108FECEA-BBC1-4697-9826-A76A60451726}.Release|Any CPU.ActiveCfg = Release|Any CPU
		{108FECEA-BBC1-4697-9826-A76A60451726}.Release|Any CPU.Build.0 = Release|Any CPU
		{E1CA302E-5B79-49B5-8B74-72E13EDA3E1B}.Debug|Any CPU.ActiveCfg = Debug|Any CPU
		{E1CA302E-5B79-49B5-8B74-72E13EDA3E1B}.Debug|Any CPU.Build.0 = Debug|Any CPU
		{E1CA302E-5B79-49B5-8B74-72E13EDA3E1B}.Release|Any CPU.ActiveCfg = Release|Any CPU
		{E1CA302E-5B79-49B5-8B74-72E13EDA3E1B}.Release|Any CPU.Build.0 = Release|Any CPU
		{EBDD448C-515B-41A4-BDBD-FF7CD2914E9D}.Debug|Any CPU.ActiveCfg = Debug|Any CPU
		{EBDD448C-515B-41A4-BDBD-FF7CD2914E9D}.Debug|Any CPU.Build.0 = Debug|Any CPU
		{EBDD448C-515B-41A4-BDBD-FF7CD2914E9D}.Release|Any CPU.ActiveCfg = Release|Any CPU
		{EBDD448C-515B-41A4-BDBD-FF7CD2914E9D}.Release|Any CPU.Build.0 = Release|Any CPU
		{75128D59-58D2-4B53-8633-C01CAB2822ED}.Debug|Any CPU.ActiveCfg = Debug|Any CPU
		{75128D59-58D2-4B53-8633-C01CAB2822ED}.Debug|Any CPU.Build.0 = Debug|Any CPU
		{75128D59-58D2-4B53-8633-C01CAB2822ED}.Release|Any CPU.ActiveCfg = Release|Any CPU
		{75128D59-58D2-4B53-8633-C01CAB2822ED}.Release|Any CPU.Build.0 = Release|Any CPU
	EndGlobalSection
	GlobalSection(SolutionProperties) = preSolution
		HideSolutionNode = FALSE
	EndGlobalSection
	GlobalSection(ExtensibilityGlobals) = postSolution
		SolutionGuid = {495756DC-9A31-4860-BEEE-B34F7FF2520B}
	EndGlobalSection
EndGlobal
